
Microsoft Visual Studio Solution File, Format Version 11.00
# Visual Studio 2010
Project("{FAE04EC0-301F-11D3-BF4B-00C04F79EFBC}") = "Assembly-CSharp", "Assembly-CSharp.csproj", "{EF285086-BA2D-C03F-22D7-D034E689A4ED}"
EndProject
Project("{FAE04EC0-301F-11D3-BF4B-00C04F79EFBC}") = "Assembly-CSharp-Editor", "Assembly-CSharp-Editor.csproj", "{7F637F59-34F7-390B-D9A8-64E5A339384C}"
EndProject
Global
	GlobalSection(SolutionConfigurationPlatforms) = preSolution
		Debug|Any CPU = Debug|Any CPU
		Release|Any CPU = Release|Any CPU
	EndGlobalSection
	GlobalSection(ProjectConfigurationPlatforms) = postSolution
		{EF285086-BA2D-C03F-22D7-D034E689A4ED}.Debug|Any CPU.ActiveCfg = Debug|Any CPU
		{EF285086-BA2D-C03F-22D7-D034E689A4ED}.Debug|Any CPU.Build.0 = Debug|Any CPU
		{EF285086-BA2D-C03F-22D7-D034E689A4ED}.Release|Any CPU.ActiveCfg = Release|Any CPU
		{EF285086-BA2D-C03F-22D7-D034E689A4ED}.Release|Any CPU.Build.0 = Release|Any CPU
		{7F637F59-34F7-390B-D9A8-64E5A339384C}.Debug|Any CPU.ActiveCfg = Debug|Any CPU
		{7F637F59-34F7-390B-D9A8-64E5A339384C}.Debug|Any CPU.Build.0 = Debug|Any CPU
		{7F637F59-34F7-390B-D9A8-64E5A339384C}.Release|Any CPU.ActiveCfg = Release|Any CPU
		{7F637F59-34F7-390B-D9A8-64E5A339384C}.Release|Any CPU.Build.0 = Release|Any CPU
	EndGlobalSection
	GlobalSection(SolutionProperties) = preSolution
		HideSolutionNode = FALSE
	EndGlobalSection
EndGlobal
